<?xml version="1.0" encoding="utf-8"?>
<Project ToolsVersion="4.0" xmlns="http://schemas.microsoft.com/developer/msbuild/2003">
  <ItemGroup>
    <Filter Include="_includes">
      <UniqueIdentifier>{8e4adda1-599f-416f-97be-1e67799fed0d}</UniqueIdentifier>
    </Filter>
    <Filter Include="consts">
      <UniqueIdentifier>{9ab6c486-48ed-4a21-a679-6ad36bb867cc}</UniqueIdentifier>
    </Filter>
    <Filter Include="debug">
      <UniqueIdentifier>{8112024d-7706-45b6-8455-d1bf5cb8f4f5}</UniqueIdentifier>
    </Filter>
  </ItemGroup>
  <ItemGroup>
    <ClCompile Include="..\..\main.cpp" />
    <ClCompile Include="..\..\uuu_appl.cpp" />
    <ClCompile Include="..\..\debug\functs_for_optim.cpp">
      <Filter>debug</Filter>
    </ClCompile>
  </ItemGroup>
  <ItemGroup>
    <ClInclude Include="..\..\uuu_appl.hpp" />
    <ClInclude Include="..\..\consts\vals.hpp">
      <Filter>consts</Filter>
    </ClInclude>
    <ClInclude Include="..\..\includes_int.hpp">
      <Filter>_includes</Filter>
    </ClInclude>
    <ClInclude Include="..\..\debug\functs_for_optim.hpp">
      <Filter>debug</Filter>
    </ClInclude>
    <ClInclude Include="..\..\includes.hpp">
      <Filter>_includes</Filter>
    </ClInclude>
  </ItemGroup>
  <ItemGroup>
    <Text Include="..\CMakeLists.txt" />
  </ItemGroup>
</Project>