<?xml version="1.0" encoding="utf-8"?>
<Project ToolsVersion="4.0" xmlns="http://schemas.microsoft.com/developer/msbuild/2003">
  <ItemGroup>
    <Filter Include="convert">
      <UniqueIdentifier>{49941b1a-b786-4eac-97ee-6629a042975e}</UniqueIdentifier>
    </Filter>
    <Filter Include="convert\hsl_vs_rgb">
      <UniqueIdentifier>{6177f434-4078-4103-a14c-56187ac9d87c}</UniqueIdentifier>
    </Filter>
    <Filter Include="convert\hsl_vs_rgb\avx1">
      <UniqueIdentifier>{8fccf7c7-1b97-420f-add7-b9d4329b5153}</UniqueIdentifier>
    </Filter>
    <Filter Include="convert\hsl_vs_rgb\sse1">
      <UniqueIdentifier>{73984af3-cd80-4fce-af7a-0d5842e1bf1c}</UniqueIdentifier>
    </Filter>
    <Filter Include="convert\hsl_vs_rgb\alu">
      <UniqueIdentifier>{592cfb1e-ae78-4edc-bd43-d50fe2328bff}</UniqueIdentifier>
    </Filter>
    <Filter Include="convert\hsl_vs_rgb\avx2">
      <UniqueIdentifier>{fa64edb8-266c-4598-b99b-460f7c8b105a}</UniqueIdentifier>
    </Filter>
    <Filter Include="convert\hsl_vs_rgb\neon">
      <UniqueIdentifier>{d69aff72-57ca-4664-a81a-d1307ea1bcf6}</UniqueIdentifier>
    </Filter>
    <Filter Include="convert\hsl_vs_rgb\sse2">
      <UniqueIdentifier>{7f810a09-3792-4dd4-88e6-9eb9f42a0b90}</UniqueIdentifier>
    </Filter>
    <Filter Include="convert\hsl_vs_rgb\sse3">
      <UniqueIdentifier>{6e8d3210-8219-4641-b230-84b991789f2a}</UniqueIdentifier>
    </Filter>
    <Filter Include="convert\l_vs_rgb">
      <UniqueIdentifier>{b88d8b0e-b521-4847-9331-5d3c18558776}</UniqueIdentifier>
    </Filter>
    <Filter Include="convert\l_vs_rgb\alu">
      <UniqueIdentifier>{ec067ac7-c497-4737-98ec-d54ee2b3622d}</UniqueIdentifier>
    </Filter>
    <Filter Include="convert\l_vs_rgb\avx1">
      <UniqueIdentifier>{607f9abd-66c8-4ef9-bd75-16d7f86ab8ca}</UniqueIdentifier>
    </Filter>
    <Filter Include="convert\l_vs_rgb\sse1">
      <UniqueIdentifier>{3cd6d01f-fdcc-4ed0-b8fb-5255904731fa}</UniqueIdentifier>
    </Filter>
    <Filter Include="convert\l_vs_rgb\avx2">
      <UniqueIdentifier>{1129529e-de3c-49a4-805f-c35e30096d00}</UniqueIdentifier>
    </Filter>
    <Filter Include="convert\l_vs_rgb\neon">
      <UniqueIdentifier>{97117f54-525b-47cd-a2eb-4beb66dcfd7e}</UniqueIdentifier>
    </Filter>
    <Filter Include="convert\l_vs_rgb\sse2">
      <UniqueIdentifier>{f9bb3696-cb33-41a6-bcb6-0a246d3d33d0}</UniqueIdentifier>
    </Filter>
    <Filter Include="convert\l_vs_rgb2">
      <UniqueIdentifier>{8db935bb-0597-44e6-af47-ac2f13fe3242}</UniqueIdentifier>
    </Filter>
    <Filter Include="convert\l_vs_rgb2\alu">
      <UniqueIdentifier>{9765353b-2ce3-4388-99d7-f5c3c4fa5735}</UniqueIdentifier>
    </Filter>
    <Filter Include="convert\l_vs_rgb2\sse2">
      <UniqueIdentifier>{677be048-4937-4255-bed7-e1951328b070}</UniqueIdentifier>
    </Filter>
    <Filter Include="convert\l_vs_rgb2\avx2">
      <UniqueIdentifier>{44fc783c-99ec-40ec-82ce-975307e19ef4}</UniqueIdentifier>
    </Filter>
    <Filter Include="convert\l_vs_rgb2\neon">
      <UniqueIdentifier>{c1e1b966-eee7-4ef2-9a35-2927a4870689}</UniqueIdentifier>
    </Filter>
    <Filter Include="convert\l_vs_rgb2\avx1">
      <UniqueIdentifier>{0d0c118c-51f7-4462-ac35-eaeefcbf337e}</UniqueIdentifier>
    </Filter>
    <Filter Include="convert\l_vs_rgb2\sse1">
      <UniqueIdentifier>{5b3fa223-9dcd-46a6-ac2b-40d8ece6bbb3}</UniqueIdentifier>
    </Filter>
  </ItemGroup>
  <ItemGroup>
    <ClInclude Include="..\..\hsl_vs_rgb\hsl_vs_rgb.hpp">
      <Filter>convert\hsl_vs_rgb</Filter>
    </ClInclude>
    <ClInclude Include="..\..\l_vs_rgb\l_vs_rgb.hpp">
      <Filter>convert\l_vs_rgb</Filter>
    </ClInclude>
    <ClInclude Include="..\..\hsl_vs_rgb\hsl_to_rgb_int.hpp">
      <Filter>convert\hsl_vs_rgb</Filter>
    </ClInclude>
    <ClInclude Include="..\..\hsl_vs_rgb\rgb_to_hsl_int.hpp">
      <Filter>convert\hsl_vs_rgb</Filter>
    </ClInclude>
    <ClInclude Include="..\..\l_vs_rgb\rgb_to_l_int.hpp">
      <Filter>convert\l_vs_rgb</Filter>
    </ClInclude>
    <ClInclude Include="..\..\l_vs_rgb\l_to_rgb_int.hpp">
      <Filter>convert\l_vs_rgb</Filter>
    </ClInclude>
    <ClInclude Include="..\..\l_vs_rgb2\l_to_rgb_int2.hpp">
      <Filter>convert\l_vs_rgb2</Filter>
    </ClInclude>
    <ClInclude Include="..\..\l_vs_rgb2\l_vs_rgb2.hpp">
      <Filter>convert\l_vs_rgb2</Filter>
    </ClInclude>
    <ClInclude Include="..\..\l_vs_rgb2\rgb_to_l_int2.hpp">
      <Filter>convert\l_vs_rgb2</Filter>
    </ClInclude>
  </ItemGroup>
  <ItemGroup>
    <ClCompile Include="..\..\hsl_vs_rgb\hsl2rgb_alu.cpp">
      <Filter>convert\hsl_vs_rgb\alu</Filter>
    </ClCompile>
    <ClCompile Include="..\..\hsl_vs_rgb\hsl2rgb_avx1.cpp">
      <Filter>convert\hsl_vs_rgb\avx1</Filter>
    </ClCompile>
    <ClCompile Include="..\..\hsl_vs_rgb\hsl2rgb_avx2.cpp">
      <Filter>convert\hsl_vs_rgb\avx2</Filter>
    </ClCompile>
    <ClCompile Include="..\..\hsl_vs_rgb\hsl2rgb_neon.cpp">
      <Filter>convert\hsl_vs_rgb\neon</Filter>
    </ClCompile>
    <ClCompile Include="..\..\hsl_vs_rgb\hsl2rgb_sse1.cpp">
      <Filter>convert\hsl_vs_rgb\sse1</Filter>
    </ClCompile>
    <ClCompile Include="..\..\hsl_vs_rgb\hsl2rgb_sse2.cpp">
      <Filter>convert\hsl_vs_rgb\sse2</Filter>
    </ClCompile>
    <ClCompile Include="..\..\hsl_vs_rgb\hsl2rgb_sse3.cpp">
      <Filter>convert\hsl_vs_rgb\sse3</Filter>
    </ClCompile>
    <ClCompile Include="..\..\hsl_vs_rgb\rgb2hsl_alu.cpp">
      <Filter>convert\hsl_vs_rgb\alu</Filter>
    </ClCompile>
    <ClCompile Include="..\..\hsl_vs_rgb\rgb2hsl_avx1.cpp">
      <Filter>convert\hsl_vs_rgb\avx1</Filter>
    </ClCompile>
    <ClCompile Include="..\..\hsl_vs_rgb\rgb2hsl_avx2.cpp">
      <Filter>convert\hsl_vs_rgb\avx2</Filter>
    </ClCompile>
    <ClCompile Include="..\..\hsl_vs_rgb\rgb2hsl_neon.cpp">
      <Filter>convert\hsl_vs_rgb\neon</Filter>
    </ClCompile>
    <ClCompile Include="..\..\hsl_vs_rgb\rgb2hsl_sse1.cpp">
      <Filter>convert\hsl_vs_rgb\sse1</Filter>
    </ClCompile>
    <ClCompile Include="..\..\hsl_vs_rgb\rgb2hsl_sse2.cpp">
      <Filter>convert\hsl_vs_rgb\sse2</Filter>
    </ClCompile>
    <ClCompile Include="..\..\l_vs_rgb\l2rgb_alu.cpp">
      <Filter>convert\l_vs_rgb\alu</Filter>
    </ClCompile>
    <ClCompile Include="..\..\l_vs_rgb\l2rgb_avx1.cpp">
      <Filter>convert\l_vs_rgb\avx1</Filter>
    </ClCompile>
    <ClCompile Include="..\..\l_vs_rgb\l2rgb_neon.cpp">
      <Filter>convert\l_vs_rgb\neon</Filter>
    </ClCompile>
    <ClCompile Include="..\..\l_vs_rgb\l2rgb_sse.cpp">
      <Filter>convert\l_vs_rgb\sse1</Filter>
    </ClCompile>
    <ClCompile Include="..\..\l_vs_rgb\rgb2l_alu.cpp">
      <Filter>convert\l_vs_rgb\alu</Filter>
    </ClCompile>
    <ClCompile Include="..\..\l_vs_rgb\rgb2l_avx1.cpp">
      <Filter>convert\l_vs_rgb\avx1</Filter>
    </ClCompile>
    <ClCompile Include="..\..\l_vs_rgb\rgb2l_avx2.cpp">
      <Filter>convert\l_vs_rgb\avx2</Filter>
    </ClCompile>
    <ClCompile Include="..\..\l_vs_rgb\rgb2l_neon.cpp">
      <Filter>convert\l_vs_rgb\neon</Filter>
    </ClCompile>
    <ClCompile Include="..\..\l_vs_rgb\rgb2l_sse1.cpp">
      <Filter>convert\l_vs_rgb\sse1</Filter>
    </ClCompile>
    <ClCompile Include="..\..\l_vs_rgb\rgb2l_sse2.cpp">
      <Filter>convert\l_vs_rgb\sse2</Filter>
    </ClCompile>
    <ClCompile Include="..\..\l_vs_rgb\l2rgb_avx2.cpp">
      <Filter>convert\l_vs_rgb\avx2</Filter>
    </ClCompile>
    <ClCompile Include="..\..\l_vs_rgb2\l2rgb_alu2.cpp">
      <Filter>convert\l_vs_rgb2\alu</Filter>
    </ClCompile>
    <ClCompile Include="..\..\l_vs_rgb2\rgb2l_alu2.cpp">
      <Filter>convert\l_vs_rgb2\alu</Filter>
    </ClCompile>
    <ClCompile Include="..\..\l_vs_rgb2\l2rgb_neon2.cpp">
      <Filter>convert\l_vs_rgb2\neon</Filter>
    </ClCompile>
    <ClCompile Include="..\..\l_vs_rgb2\rgb2l_avx22.cpp">
      <Filter>convert\l_vs_rgb2\avx2</Filter>
    </ClCompile>
    <ClCompile Include="..\..\l_vs_rgb2\rgb2l_sse22.cpp">
      <Filter>convert\l_vs_rgb2\sse2</Filter>
    </ClCompile>
    <ClCompile Include="..\..\l_vs_rgb2\rgb2l_neon2.cpp">
      <Filter>convert\l_vs_rgb2\neon</Filter>
    </ClCompile>
    <ClCompile Include="..\..\l_vs_rgb2\l2rgb_sse2.cpp">
      <Filter>convert\l_vs_rgb2\sse2</Filter>
    </ClCompile>
    <ClCompile Include="..\..\l_vs_rgb2\l2rgb_avx22.cpp">
      <Filter>convert\l_vs_rgb2\avx2</Filter>
    </ClCompile>
    <ClCompile Include="..\..\l_vs_rgb2\l2rgb_avx12.cpp">
      <Filter>convert\l_vs_rgb2\avx1</Filter>
    </ClCompile>
    <ClCompile Include="..\..\l_vs_rgb2\rgb2l_avx12.cpp">
      <Filter>convert\l_vs_rgb2\avx1</Filter>
    </ClCompile>
    <ClCompile Include="..\..\l_vs_rgb2\rgb2l_sse12.cpp">
      <Filter>convert\l_vs_rgb2\sse1</Filter>
    </ClCompile>
  </ItemGroup>
  <ItemGroup>
    <Text Include="..\CMakeLists.txt" />
  </ItemGroup>
</Project>