<?xml version="1.0" encoding="utf-8"?>
<Project ToolsVersion="4.0" xmlns="http://schemas.microsoft.com/developer/msbuild/2003">
  <ItemGroup>
    <Filter Include="_includes">
      <UniqueIdentifier>{f614abf6-ae47-4472-b864-cf5ec5523554}</UniqueIdentifier>
    </Filter>
    <Filter Include="_old-shit">
      <UniqueIdentifier>{320f60c1-2141-48c7-9edc-719c42897f92}</UniqueIdentifier>
    </Filter>
    <Filter Include="consts">
      <UniqueIdentifier>{abbfb2f1-f5d3-48f4-a517-1997d8a683f9}</UniqueIdentifier>
    </Filter>
    <Filter Include="soft">
      <UniqueIdentifier>{6b29f43c-92b2-409e-b2cf-cad8d7ec25e8}</UniqueIdentifier>
    </Filter>
  </ItemGroup>
  <ItemGroup>
    <ClCompile Include="..\source\main.cpp" />
    <ClCompile Include="..\source\soft\impl-bright-funct.cpp">
      <Filter>soft</Filter>
    </ClCompile>
    <ClCompile Include="..\source\soft\impl-graduent-funct.cpp">
      <Filter>soft</Filter>
    </ClCompile>
    <ClCompile Include="..\source\soft\impl-sat2byte-funct.cpp">
      <Filter>soft</Filter>
    </ClCompile>
    <ClCompile Include="..\source\soft\impl.cpp">
      <Filter>soft</Filter>
    </ClCompile>
    <ClCompile Include="..\source\filter-dll-transform-functs.cpp">
      <Filter>_old-shit</Filter>
    </ClCompile>
    <ClCompile Include="..\source\filter-dll.cpp" />
    <ClCompile Include="..\source\info-filter-dll.cpp" />
  </ItemGroup>
  <ItemGroup>
    <ClInclude Include="..\source\vals.hpp">
      <Filter>consts</Filter>
    </ClInclude>
    <ClInclude Include="..\source\includes_int.hpp">
      <Filter>_includes</Filter>
    </ClInclude>
    <ClInclude Include="..\source\soft\impl.hpp">
      <Filter>soft</Filter>
    </ClInclude>
    <ClInclude Include="..\source\filter-dll.hpp" />
    <ClInclude Include="..\source\info-filter-dll.hpp" />
    <ClInclude Include="..\source\syn.hpp" />
  </ItemGroup>
  <ItemGroup>
    <Text Include="..\CMakeLists.txt" />
  </ItemGroup>
</Project>