<?xml version="1.0" encoding="utf-8"?>
<Project ToolsVersion="4.0" xmlns="http://schemas.microsoft.com/developer/msbuild/2003">
  <ItemGroup>
    <Filter Include="impl">
      <UniqueIdentifier>{c8623167-e0d4-4a75-839d-2de7a2ea8e71}</UniqueIdentifier>
    </Filter>
    <Filter Include="impl\consts">
      <UniqueIdentifier>{abbfb2f1-f5d3-48f4-a517-1997d8a683f9}</UniqueIdentifier>
    </Filter>
    <Filter Include="_includes">
      <UniqueIdentifier>{37a6d022-2c4c-4156-83b8-2c22c83176d2}</UniqueIdentifier>
    </Filter>
  </ItemGroup>
  <ItemGroup>
    <ClCompile Include="..\source\main.cpp" />
    <ClCompile Include="..\source\filter-dll.cpp">
      <Filter>impl</Filter>
    </ClCompile>
    <ClCompile Include="..\source\info-filter-dll.cpp">
      <Filter>impl</Filter>
    </ClCompile>
    <ClCompile Include="..\source\filter-dll-moton-est-funct.cpp">
      <Filter>impl</Filter>
    </ClCompile>
    <ClCompile Include="..\source\filter-dll-transform-functs.cpp">
      <Filter>impl</Filter>
    </ClCompile>
  </ItemGroup>
  <ItemGroup>
    <ClInclude Include="..\source\vals.hpp">
      <Filter>impl\consts</Filter>
    </ClInclude>
    <ClInclude Include="..\source\includes_int.hpp">
      <Filter>_includes</Filter>
    </ClInclude>
    <ClInclude Include="..\source\filter-dll.hpp">
      <Filter>impl</Filter>
    </ClInclude>
    <ClInclude Include="..\source\info-filter-dll.hpp">
      <Filter>impl</Filter>
    </ClInclude>
  </ItemGroup>
  <ItemGroup>
    <Text Include="..\CMakeLists.txt" />
  </ItemGroup>
</Project>