<?xml version="1.0" encoding="utf-8"?>
<Project ToolsVersion="4.0" xmlns="http://schemas.microsoft.com/developer/msbuild/2003">
  <ItemGroup>
    <Filter Include="_includes">
      <UniqueIdentifier>{1d4f3450-7c3d-43d2-8ddf-33a75f297dc2}</UniqueIdentifier>
    </Filter>
    <Filter Include="events">
      <UniqueIdentifier>{5df8eed0-1a45-4622-b84b-64019d055814}</UniqueIdentifier>
    </Filter>
    <Filter Include="events\_register">
      <UniqueIdentifier>{ba142152-697c-425e-9245-1ec71c2b0d8b}</UniqueIdentifier>
    </Filter>
  </ItemGroup>
  <ItemGroup>
    <ClInclude Include="..\..\includes.hpp">
      <Filter>_includes</Filter>
    </ClInclude>
    <ClInclude Include="..\..\includes_int.hpp">
      <Filter>_includes</Filter>
    </ClInclude>
    <ClInclude Include="..\..\events\register_events_in_archives.hpp">
      <Filter>events\_register</Filter>
    </ClInclude>
    <ClInclude Include="..\..\events\wrapper-http-event.hpp">
      <Filter>events</Filter>
    </ClInclude>
    <ClInclude Include="..\..\events\base-http-event.hpp">
      <Filter>events</Filter>
    </ClInclude>
    <ClInclude Include="..\..\events\mem-resource-http-event.hpp">
      <Filter>events</Filter>
    </ClInclude>
  </ItemGroup>
  <ItemGroup>
    <ClCompile Include="..\..\events\register_events_in_archives.cpp">
      <Filter>events\_register</Filter>
    </ClCompile>
    <ClCompile Include="..\..\events\wrapper-http-event.cpp">
      <Filter>events</Filter>
    </ClCompile>
    <ClCompile Include="..\..\events\base-http-event.cpp">
      <Filter>events</Filter>
    </ClCompile>
    <ClCompile Include="..\..\events\mem-resource-http-event.cpp">
      <Filter>events</Filter>
    </ClCompile>
  </ItemGroup>
  <ItemGroup>
    <Text Include="..\CMakeLists.txt" />
  </ItemGroup>
</Project>