<?xml version="1.0" encoding="utf-8"?>
<Project ToolsVersion="4.0" xmlns="http://schemas.microsoft.com/developer/msbuild/2003">
  <ItemGroup>
    <Filter Include="appl">
      <UniqueIdentifier>{6b0af442-385f-4b3d-8f23-4885cd6db9c8}</UniqueIdentifier>
    </Filter>
    <Filter Include="appl\consts">
      <UniqueIdentifier>{e9aac01c-525f-4a1b-a4c9-e11ec547afc0}</UniqueIdentifier>
    </Filter>
    <Filter Include="_includes">
      <UniqueIdentifier>{3fca42b5-958d-4c07-9473-2f89f3240790}</UniqueIdentifier>
    </Filter>
    <Filter Include="appl\thread">
      <UniqueIdentifier>{0feaa567-4ba8-423b-b0ff-0fb665d97fdf}</UniqueIdentifier>
    </Filter>
    <Filter Include="_defines">
      <UniqueIdentifier>{c172e8c5-00ca-4fdd-9fcb-6dfd56f339fd}</UniqueIdentifier>
    </Filter>
    <Filter Include="appl\helpers">
      <UniqueIdentifier>{54791d55-cc90-4d33-bd59-72413ee96a5b}</UniqueIdentifier>
    </Filter>
  </ItemGroup>
  <ItemGroup>
    <ClCompile Include="..\..\main.cpp" />
    <ClCompile Include="..\..\appl\log-module.cpp">
      <Filter>appl</Filter>
    </ClCompile>
    <ClCompile Include="..\..\appl\log-module-catch-msg-functs.cpp">
      <Filter>appl</Filter>
    </ClCompile>
    <ClCompile Include="..\..\appl\log-module-files-work-functs.cpp">
      <Filter>appl</Filter>
    </ClCompile>
  </ItemGroup>
  <ItemGroup>
    <ClInclude Include="..\..\includes_int.hpp">
      <Filter>_includes</Filter>
    </ClInclude>
    <ClInclude Include="..\..\includes.hpp">
      <Filter>_includes</Filter>
    </ClInclude>
    <ClInclude Include="..\..\defines_helper_log_calls.hpp">
      <Filter>_defines</Filter>
    </ClInclude>
    <ClInclude Include="..\..\defines_log_except.hpp">
      <Filter>_defines</Filter>
    </ClInclude>
    <ClInclude Include="..\..\log_defines.hpp">
      <Filter>_defines</Filter>
    </ClInclude>
    <ClInclude Include="..\..\appl\consts\vals.hpp">
      <Filter>appl\consts</Filter>
    </ClInclude>
    <ClInclude Include="..\..\appl\syn_types.hpp">
      <Filter>appl</Filter>
    </ClInclude>
    <ClInclude Include="..\..\appl\log-module.hpp">
      <Filter>appl</Filter>
    </ClInclude>
    <ClInclude Include="..\..\appl\thread\exception-logger.hpp">
      <Filter>appl\thread</Filter>
    </ClInclude>
    <ClInclude Include="..\..\appl\helpers\get_sort_files_functs.hpp">
      <Filter>appl\helpers</Filter>
    </ClInclude>
  </ItemGroup>
  <ItemGroup>
    <Text Include="..\CMakeLists.txt" />
  </ItemGroup>
</Project>